{
  "name": "flask-apispec",
  "version": "0.7.0",
  "lockfileVersion": 2,
  "requires": true,
  "packages": {
    "": {
      "name": "flask-apispec",
      "version": "0.7.0",
      "dependencies": {
        "swagger-ui-dist": "3.20.7"
      }
    },
    "node_modules/swagger-ui-dist": {
      "version": "3.20.7",
      "resolved": "https://registry.npmjs.org/swagger-ui-dist/-/swagger-ui-dist-3.20.7.tgz",
      "integrity": "sha512-lMXgaB53akVJr8NKFCchivvIzu6hQQAkC9e7shXszSeV4DsJolde9yL+88kc8xG44qJ434qXl7xELQPxUpd1ww=="
    }
  },
  "dependencies": {
    "swagger-ui-dist": {
      "version": "3.20.7",
      "resolved": "https://registry.npmjs.org/swagger-ui-dist/-/swagger-ui-dist-3.20.7.tgz",
      "integrity": "sha512-lMXgaB53akVJr8NKFCchivvIzu6hQQAkC9e7shXszSeV4DsJolde9yL+88kc8xG44qJ434qXl7xELQPxUpd1ww=="
    }
  }
}
