{
  "name": "flask-apispec",
  "version": "0.6.0",
  "lockfileVersion": 1,
  "requires": true,
  "dependencies": {
    "swagger-ui-dist": {
      "version": "3.17.2",
      "resolved": "https://registry.npmjs.org/swagger-ui-dist/-/swagger-ui-dist-3.17.2.tgz",
      "integrity": "sha1-wNcN2DP1T37ouL1iRc4uzGgOZ7I="
    }
  }
}
