{
  "name": "flask-apispec",
  "version": "0.6.0",
  "lockfileVersion": 1,
  "requires": true,
  "dependencies": {
    "swagger-ui-dist": {
      "version": "3.9.3",
      "resolved": "https://registry.npmjs.org/swagger-ui-dist/-/swagger-ui-dist-3.9.3.tgz",
      "integrity": "sha1-yrqR6FUNfSRkoIRWvZNtfEMPDdM="
    }
  }
}
